
Microsoft Visual Studio Solution File, Format Version 12.00
# Visual Studio 14
VisualStudioVersion = 14.0.25420.1
MinimumVisualStudioVersion = 10.0.40219.1
Project("{F2A71F9B-5D33-465A-A702-920D77279786}") = "AlgorithmTemplate", "AlgorithmTemplate\AlgorithmTemplate.fsproj", "{40064DF5-DCA3-470A-BE25-13D69E63BE59}"
EndProject
Global
	GlobalSection(SolutionConfigurationPlatforms) = preSolution
		Debug|Any CPU = Debug|Any CPU
		Release|Any CPU = Release|Any CPU
	EndGlobalSection
	GlobalSection(ProjectConfigurationPlatforms) = postSolution
		{40064DF5-DCA3-470A-BE25-13D69E63BE59}.Debug|Any CPU.ActiveCfg = Debug|Any CPU
		{40064DF5-DCA3-470A-BE25-13D69E63BE59}.Debug|Any CPU.Build.0 = Debug|Any CPU
		{40064DF5-DCA3-470A-BE25-13D69E63BE59}.Release|Any CPU.ActiveCfg = Release|Any CPU
		{40064DF5-DCA3-470A-BE25-13D69E63BE59}.Release|Any CPU.Build.0 = Release|Any CPU
	EndGlobalSection
	GlobalSection(SolutionProperties) = preSolution
		HideSolutionNode = FALSE
	EndGlobalSection
EndGlobal
