
Microsoft Visual Studio Solution File, Format Version 12.00
# Visual Studio 14
VisualStudioVersion = 14.0.25420.1
MinimumVisualStudioVersion = 10.0.40219.1
Project("{FAE04EC0-301F-11D3-BF4B-00C04F79EFBC}") = "AlgorithmTemplateTestHarness", "AlgorithmTemplateTestHarness\AlgorithmTemplateTestHarness.csproj", "{314B0C3C-4D2D-4340-B70A-71B36F040C88}"
EndProject
Project("{FAE04EC0-301F-11D3-BF4B-00C04F79EFBC}") = "AlgorithmTemplateLibrary", "AlgorithmTemplateLibrary\AlgorithmTemplateLibrary.csproj", "{D5DFEACF-0E4F-42B3-9916-F1C5660C63F4}"
EndProject
Global
	GlobalSection(SolutionConfigurationPlatforms) = preSolution
		Debug|Any CPU = Debug|Any CPU
		Release|Any CPU = Release|Any CPU
	EndGlobalSection
	GlobalSection(ProjectConfigurationPlatforms) = postSolution
		{314B0C3C-4D2D-4340-B70A-71B36F040C88}.Debug|Any CPU.ActiveCfg = Debug|Any CPU
		{314B0C3C-4D2D-4340-B70A-71B36F040C88}.Debug|Any CPU.Build.0 = Debug|Any CPU
		{314B0C3C-4D2D-4340-B70A-71B36F040C88}.Release|Any CPU.ActiveCfg = Release|Any CPU
		{314B0C3C-4D2D-4340-B70A-71B36F040C88}.Release|Any CPU.Build.0 = Release|Any CPU
		{D5DFEACF-0E4F-42B3-9916-F1C5660C63F4}.Debug|Any CPU.ActiveCfg = Debug|Any CPU
		{D5DFEACF-0E4F-42B3-9916-F1C5660C63F4}.Debug|Any CPU.Build.0 = Debug|Any CPU
		{D5DFEACF-0E4F-42B3-9916-F1C5660C63F4}.Release|Any CPU.ActiveCfg = Release|Any CPU
		{D5DFEACF-0E4F-42B3-9916-F1C5660C63F4}.Release|Any CPU.Build.0 = Release|Any CPU
	EndGlobalSection
	GlobalSection(SolutionProperties) = preSolution
		HideSolutionNode = FALSE
	EndGlobalSection
EndGlobal
